
Microsoft Visual Studio Solution File, Format Version 12.00
# Visual Studio Version 16
VisualStudioVersion = 16.0.30523.141
MinimumVisualStudioVersion = 10.0.40219.1
Project("{FAE04EC0-301F-11D3-BF4B-00C04F79EFBC}") = "Week7functions", "Week7functions\Week7functions.csproj", "{3F24623C-4B67-4B1A-A82D-6C5D682DDE49}"
EndProject
Project("{FAE04EC0-301F-11D3-BF4B-00C04F79EFBC}") = "Gender", "Gender\Gender.csproj", "{33D63D93-2E71-4572-A613-746FF1974804}"
EndProject
Project("{FAE04EC0-301F-11D3-BF4B-00C04F79EFBC}") = "FunctionsReturn", "FunctionsReturn\FunctionsReturn.csproj", "{A22C8AFC-7A7E-4704-914E-400C3274377E}"
EndProject
Global
	GlobalSection(SolutionConfigurationPlatforms) = preSolution
		Debug|Any CPU = Debug|Any CPU
		Release|Any CPU = Release|Any CPU
	EndGlobalSection
	GlobalSection(ProjectConfigurationPlatforms) = postSolution
		{3F24623C-4B67-4B1A-A82D-6C5D682DDE49}.Debug|Any CPU.ActiveCfg = Debug|Any CPU
		{3F24623C-4B67-4B1A-A82D-6C5D682DDE49}.Debug|Any CPU.Build.0 = Debug|Any CPU
		{3F24623C-4B67-4B1A-A82D-6C5D682DDE49}.Release|Any CPU.ActiveCfg = Release|Any CPU
		{3F24623C-4B67-4B1A-A82D-6C5D682DDE49}.Release|Any CPU.Build.0 = Release|Any CPU
		{33D63D93-2E71-4572-A613-746FF1974804}.Debug|Any CPU.ActiveCfg = Debug|Any CPU
		{33D63D93-2E71-4572-A613-746FF1974804}.Debug|Any CPU.Build.0 = Debug|Any CPU
		{33D63D93-2E71-4572-A613-746FF1974804}.Release|Any CPU.ActiveCfg = Release|Any CPU
		{33D63D93-2E71-4572-A613-746FF1974804}.Release|Any CPU.Build.0 = Release|Any CPU
		{A22C8AFC-7A7E-4704-914E-400C3274377E}.Debug|Any CPU.ActiveCfg = Debug|Any CPU
		{A22C8AFC-7A7E-4704-914E-400C3274377E}.Debug|Any CPU.Build.0 = Debug|Any CPU
		{A22C8AFC-7A7E-4704-914E-400C3274377E}.Release|Any CPU.ActiveCfg = Release|Any CPU
		{A22C8AFC-7A7E-4704-914E-400C3274377E}.Release|Any CPU.Build.0 = Release|Any CPU
	EndGlobalSection
	GlobalSection(SolutionProperties) = preSolution
		HideSolutionNode = FALSE
	EndGlobalSection
	GlobalSection(ExtensibilityGlobals) = postSolution
		SolutionGuid = {1214EEBF-D88B-40FB-ABF2-2F5E2FEEF17E}
	EndGlobalSection
EndGlobal
